dependencies:
  espressif/esp_tinyusb:
    component_hash: fe1135e7a419b0c6034117aea46d4ad8048618de50f3ae774b1526ae571f1ec6
    dependencies:
    - name: idf
      require: private
      version: '>=5.0'
    - name: espressif/tinyusb
      registry_url: https://components.espressif.com
      require: public
      version: '>=0.14.2'
    source:
      registry_url: https://components.espressif.com/
      type: service
    version: 1.7.1
  espressif/tinyusb:
    component_hash: 0f96faa5e29d5a04553ba7050b9051c1f6b549b9340681eb7afdda419a8dff2e
    dependencies:
    - name: idf
      require: private
      version: '>=5.0'
    source:
      registry_url: https://components.espressif.com
      type: service
    targets:
    - esp32s2
    - esp32s3
    - esp32p4
    version: 0.18.0~1
  idf:
    source:
      type: idf
    version: 5.4.0
direct_dependencies:
- espressif/esp_tinyusb
- idf
manifest_hash: ba5de247b9599f1f3dbc9787db5deaffe9e06879e6a028bd4fcb5e7a7e705c1d
target: esp32s3
version: 2.0.0
